
Microsoft Visual Studio Solution File, Format Version 12.00
# Visual Studio 2015
Project("{FAE04EC0-301F-11D3-BF4B-00C04F79EFBC}") = "Once Upon a Black Friday.CSharp", "Once Upon a Black Friday.CSharp.csproj", "{40113886-103F-7859-F970-D18B0AE40DAC}"
EndProject
Global
	GlobalSection(SolutionConfigurationPlatforms) = preSolution
		Debug|Any CPU = Debug|Any CPU
		Release|Any CPU = Release|Any CPU
	EndGlobalSection
	GlobalSection(ProjectConfigurationPlatforms) = postSolution
		{40113886-103F-7859-F970-D18B0AE40DAC}.Debug|Any CPU.ActiveCfg = Debug|Any CPU
		{40113886-103F-7859-F970-D18B0AE40DAC}.Debug|Any CPU.Build.0 = Debug|Any CPU
		{40113886-103F-7859-F970-D18B0AE40DAC}.Release|Any CPU.ActiveCfg = Release|Any CPU
		{40113886-103F-7859-F970-D18B0AE40DAC}.Release|Any CPU.Build.0 = Release|Any CPU
	EndGlobalSection
	GlobalSection(SolutionProperties) = preSolution
		HideSolutionNode = FALSE
	EndGlobalSection
EndGlobal
