Microsoft Visual Studio Solution File, Format Version 11.00
# Visual Studio 2008

Project("{AB4D5EC5-5046-3230-88FA-4FE9799C6EB7}") = "Once Upon a Black Friday", "Assembly-CSharp.csproj", "{CC6AA382-5316-E6CF-9F3C-C7F0BBBE24CF}"
EndProject
Global
	GlobalSection(SolutionConfigurationPlatforms) = preSolution
		Debug|Any CPU = Debug|Any CPU
		Release|Any CPU = Release|Any CPU
	EndGlobalSection
	GlobalSection(ProjectConfigurationPlatforms) = postSolution
		{CC6AA382-5316-E6CF-9F3C-C7F0BBBE24CF}.Debug|Any CPU.ActiveCfg = Debug|Any CPU
		{CC6AA382-5316-E6CF-9F3C-C7F0BBBE24CF}.Debug|Any CPU.Build.0 = Debug|Any CPU
		{CC6AA382-5316-E6CF-9F3C-C7F0BBBE24CF}.Release|Any CPU.ActiveCfg = Release|Any CPU
		{CC6AA382-5316-E6CF-9F3C-C7F0BBBE24CF}.Release|Any CPU.Build.0 = Release|Any CPU
	EndGlobalSection
	GlobalSection(SolutionProperties) = preSolution
		HideSolutionNode = FALSE
	EndGlobalSection
	GlobalSection(MonoDevelopProperties) = preSolution
		StartupItem = Assembly-CSharp.csproj
	EndGlobalSection
EndGlobal
